
Microsoft Visual Studio Solution File, Format Version 12.00
# Visual Studio Version 17
VisualStudioVersion = 17.11.35222.181
MinimumVisualStudioVersion = 10.0.40219.1
Project("{FAE04EC0-301F-11D3-BF4B-00C04F79EFBC}") = "project1", "project1\project1.csproj", "{1F3C8B2E-3918-4CD5-A3A2-CCC5738379BC}"
EndProject
Global
	GlobalSection(SolutionConfigurationPlatforms) = preSolution
		Debug|Any CPU = Debug|Any CPU
		Release|Any CPU = Release|Any CPU
	EndGlobalSection
	GlobalSection(ProjectConfigurationPlatforms) = postSolution
		{1F3C8B2E-3918-4CD5-A3A2-CCC5738379BC}.Debug|Any CPU.ActiveCfg = Debug|Any CPU
		{1F3C8B2E-3918-4CD5-A3A2-CCC5738379BC}.Debug|Any CPU.Build.0 = Debug|Any CPU
		{1F3C8B2E-3918-4CD5-A3A2-CCC5738379BC}.Release|Any CPU.ActiveCfg = Release|Any CPU
		{1F3C8B2E-3918-4CD5-A3A2-CCC5738379BC}.Release|Any CPU.Build.0 = Release|Any CPU
	EndGlobalSection
	GlobalSection(SolutionProperties) = preSolution
		HideSolutionNode = FALSE
	EndGlobalSection
	GlobalSection(ExtensibilityGlobals) = postSolution
		SolutionGuid = {216314BB-7CBC-4F6B-B16E-E535CA01A87D}
	EndGlobalSection
EndGlobal
